# THIS IS AN AUTOGENERATED FILE. DO NOT EDIT THIS FILE DIRECTLY.
# yarn lockfile v1


"@fastify/busboy@^2.0.0":
  version "2.1.1"
  resolved "https://registry.yarnpkg.com/@fastify/busboy/-/busboy-2.1.1.tgz#b9da6a878a371829a0502c9b6c1c143ef6663f4d"
  integrity sha512-vBZP4NlzfOlerQTnba4aqZoMhE/a9HY7HRqoOPaETQcSQuWEIyZMHGfVu6w9wGtGK5fED5qRs2DteVCjOH60sA==

node-appwrite@^12.0.1:
  version "12.0.1"
  resolved "https://registry.yarnpkg.com/node-appwrite/-/node-appwrite-12.0.1.tgz#a9c950df94b79274f5443c667c96344976c5d37f"
  integrity sha512-2YHjh6gKe5oyFG4E4bnIz7zPEU456PYE6vCJerqGEgXD5xS5B4ToFFEvtYM6Vk3Q7XSWMqXo2sQJIXkT+MSD7A==
  dependencies:
    undici "^5.28.2"

prettier@^3.0.0:
  version "3.4.2"
  resolved "https://registry.yarnpkg.com/prettier/-/prettier-3.4.2.tgz#a5ce1fb522a588bf2b78ca44c6e6fe5aa5a2b13f"
  integrity sha512-e9MewbtFo+Fevyuxn/4rrcDAaq0IYxPGLvObpQjiZBMAzB9IGmzlnG9RZy3FFas+eBMu2vA0CszMeduow5dIuQ==

undici@^5.28.2:
  version "5.28.4"
  resolved "https://registry.yarnpkg.com/undici/-/undici-5.28.4.tgz#6b280408edb6a1a604a9b20340f45b422e373068"
  integrity sha512-72RFADWFqKmUb2hmmvNODKL3p9hcB6Gt2DOQMis1SEBaV6a4MH8soBvzg+95CYhCKPFedut2JY9bMfrDl9D23g==
  dependencies:
    "@fastify/busboy" "^2.0.0"
